// !$*UTF8*$!
{
	archiveVersion = 1;
	classes = {
	};
	objectVersion = 46;
	objects = {

/* Begin PBXBuildFile section */
		BD46B10319EC4EE30089B713 /* NSString_HYPFormulaTests.m in Sources */ = {isa = PBXBuildFile; fileRef = BD46B10219EC4EE30089B713 /* NSString_HYPFormulaTests.m */; };
		BD46B10819EC4F150089B713 /* .travis.yml in Resources */ = {isa = PBXBuildFile; fileRef = BD46B10719EC4F150089B713 /* .travis.yml */; };
		BD46B10C19EC4F510089B713 /* NSString+HYPFormula.m in Sources */ = {isa = PBXBuildFile; fileRef = BD46B10B19EC4F510089B713 /* NSString+HYPFormula.m */; };
		BDEE2D9919ED05DB00B9BD3E /* NSString-HYPFormula.podspec in Resources */ = {isa = PBXBuildFile; fileRef = BDEE2D9819ED05DB00B9BD3E /* NSString-HYPFormula.podspec */; };
/* End PBXBuildFile section */

/* Begin PBXFileReference section */
		BD46B0FD19EC4EE30089B713 /* NSString-HYPFormulaTests.xctest */ = {isa = PBXFileReference; explicitFileType = wrapper.cfbundle; includeInIndex = 0; path = "NSString-HYPFormulaTests.xctest"; sourceTree = BUILT_PRODUCTS_DIR; };
		BD46B10119EC4EE30089B713 /* Info.plist */ = {isa = PBXFileReference; lastKnownFileType = text.plist.xml; path = Info.plist; sourceTree = "<group>"; };
		BD46B10219EC4EE30089B713 /* NSString_HYPFormulaTests.m */ = {isa = PBXFileReference; lastKnownFileType = sourcecode.c.objc; path = NSString_HYPFormulaTests.m; sourceTree = "<group>"; };
		BD46B10719EC4F150089B713 /* .travis.yml */ = {isa = PBXFileReference; fileEncoding = 4; lastKnownFileType = text; path = .travis.yml; sourceTree = "<group>"; };
		BD46B10A19EC4F510089B713 /* NSString+HYPFormula.h */ = {isa = PBXFileReference; fileEncoding = 4; lastKnownFileType = sourcecode.c.h; path = "NSString+HYPFormula.h"; sourceTree = "<group>"; };
		BD46B10B19EC4F510089B713 /* NSString+HYPFormula.m */ = {isa = PBXFileReference; fileEncoding = 4; lastKnownFileType = sourcecode.c.objc; path = "NSString+HYPFormula.m"; sourceTree = "<group>"; };
		BD46B10D19EC4F710089B713 /* README.md */ = {isa = PBXFileReference; fileEncoding = 4; lastKnownFileType = net.daringfireball.markdown; path = README.md; sourceTree = "<group>"; };
		BDEE2D9819ED05DB00B9BD3E /* NSString-HYPFormula.podspec */ = {isa = PBXFileReference; fileEncoding = 4; lastKnownFileType = text; path = "NSString-HYPFormula.podspec"; sourceTree = "<group>"; };
/* End PBXFileReference section */

/* Begin PBXFrameworksBuildPhase section */
		BD46B0FA19EC4EE30089B713 /* Frameworks */ = {
			isa = PBXFrameworksBuildPhase;
			buildActionMask = 2147483647;
			files = (
			);
			runOnlyForDeploymentPostprocessing = 0;
		};
/* End PBXFrameworksBuildPhase section */

/* Begin PBXGroup section */
		BD46B0E419EC4E700089B713 = {
			isa = PBXGroup;
			children = (
				BD46B10D19EC4F710089B713 /* README.md */,
				BDEE2D9819ED05DB00B9BD3E /* NSString-HYPFormula.podspec */,
				BD46B10719EC4F150089B713 /* .travis.yml */,
				BD46B10919EC4F440089B713 /* Source */,
				BD46B0FF19EC4EE30089B713 /* NSString-HYPFormula */,
				BD46B0FE19EC4EE30089B713 /* Products */,
			);
			sourceTree = "<group>";
		};
		BD46B0FE19EC4EE30089B713 /* Products */ = {
			isa = PBXGroup;
			children = (
				BD46B0FD19EC4EE30089B713 /* NSString-HYPFormulaTests.xctest */,
			);
			name = Products;
			sourceTree = "<group>";
		};
		BD46B0FF19EC4EE30089B713 /* NSString-HYPFormula */ = {
			isa = PBXGroup;
			children = (
				BD46B10219EC4EE30089B713 /* NSString_HYPFormulaTests.m */,
				BD46B10019EC4EE30089B713 /* Supporting Files */,
			);
			path = "NSString-HYPFormula";
			sourceTree = "<group>";
		};
		BD46B10019EC4EE30089B713 /* Supporting Files */ = {
			isa = PBXGroup;
			children = (
				BD46B10119EC4EE30089B713 /* Info.plist */,
			);
			name = "Supporting Files";
			sourceTree = "<group>";
		};
		BD46B10919EC4F440089B713 /* Source */ = {
			isa = PBXGroup;
			children = (
				BD46B10A19EC4F510089B713 /* NSString+HYPFormula.h */,
				BD46B10B19EC4F510089B713 /* NSString+HYPFormula.m */,
			);
			path = Source;
			sourceTree = "<group>";
		};
/* End PBXGroup section */

/* Begin PBXNativeTarget section */
		BD46B0FC19EC4EE30089B713 /* NSString-HYPFormulaTests */ = {
			isa = PBXNativeTarget;
			buildConfigurationList = BD46B10619EC4EE30089B713 /* Build configuration list for PBXNativeTarget "NSString-HYPFormulaTests" */;
			buildPhases = (
				BD46B0F919EC4EE30089B713 /* Sources */,
				BD46B0FA19EC4EE30089B713 /* Frameworks */,
				BD46B0FB19EC4EE30089B713 /* Resources */,
			);
			buildRules = (
			);
			dependencies = (
			);
			name = "NSString-HYPFormulaTests";
			productName = "NSString-HYPFormula";
			productReference = BD46B0FD19EC4EE30089B713 /* NSString-HYPFormulaTests.xctest */;
			productType = "com.apple.product-type.bundle.unit-test";
		};
/* End PBXNativeTarget section */

/* Begin PBXProject section */
		BD46B0E519EC4E700089B713 /* Project object */ = {
			isa = PBXProject;
			attributes = {
				LastUpgradeCheck = 0610;
				TargetAttributes = {
					BD46B0FC19EC4EE30089B713 = {
						CreatedOnToolsVersion = 6.1;
					};
				};
			};
			buildConfigurationList = BD46B0E819EC4E700089B713 /* Build configuration list for PBXProject "NSString-HYPFormula" */;
			compatibilityVersion = "Xcode 3.2";
			developmentRegion = English;
			hasScannedForEncodings = 0;
			knownRegions = (
				en,
			);
			mainGroup = BD46B0E419EC4E700089B713;
			productRefGroup = BD46B0FE19EC4EE30089B713 /* Products */;
			projectDirPath = "";
			projectRoot = "";
			targets = (
				BD46B0FC19EC4EE30089B713 /* NSString-HYPFormulaTests */,
			);
		};
/* End PBXProject section */

/* Begin PBXResourcesBuildPhase section */
		BD46B0FB19EC4EE30089B713 /* Resources */ = {
			isa = PBXResourcesBuildPhase;
			buildActionMask = 2147483647;
			files = (
				BD46B10819EC4F150089B713 /* .travis.yml in Resources */,
				BDEE2D9919ED05DB00B9BD3E /* NSString-HYPFormula.podspec in Resources */,
			);
			runOnlyForDeploymentPostprocessing = 0;
		};
/* End PBXResourcesBuildPhase section */

/* Begin PBXSourcesBuildPhase section */
		BD46B0F919EC4EE30089B713 /* Sources */ = {
			isa = PBXSourcesBuildPhase;
			buildActionMask = 2147483647;
			files = (
				BD46B10C19EC4F510089B713 /* NSString+HYPFormula.m in Sources */,
				BD46B10319EC4EE30089B713 /* NSString_HYPFormulaTests.m in Sources */,
			);
			runOnlyForDeploymentPostprocessing = 0;
		};
/* End PBXSourcesBuildPhase section */

/* Begin XCBuildConfiguration section */
		BD46B0E919EC4E700089B713 /* Debug */ = {
			isa = XCBuildConfiguration;
			buildSettings = {
			};
			name = Debug;
		};
		BD46B0EA19EC4E700089B713 /* Release */ = {
			isa = XCBuildConfiguration;
			buildSettings = {
			};
			name = Release;
		};
		BD46B10419EC4EE30089B713 /* Debug */ = {
			isa = XCBuildConfiguration;
			buildSettings = {
				ALWAYS_SEARCH_USER_PATHS = NO;
				CLANG_CXX_LANGUAGE_STANDARD = "gnu++0x";
				CLANG_CXX_LIBRARY = "libc++";
				CLANG_ENABLE_MODULES = YES;
				CLANG_ENABLE_OBJC_ARC = YES;
				CLANG_WARN_BOOL_CONVERSION = YES;
				CLANG_WARN_CONSTANT_CONVERSION = YES;
				CLANG_WARN_DIRECT_OBJC_ISA_USAGE = YES_ERROR;
				CLANG_WARN_EMPTY_BODY = YES;
				CLANG_WARN_ENUM_CONVERSION = YES;
				CLANG_WARN_INT_CONVERSION = YES;
				CLANG_WARN_OBJC_ROOT_CLASS = YES_ERROR;
				CLANG_WARN_UNREACHABLE_CODE = YES;
				CLANG_WARN__DUPLICATE_METHOD_MATCH = YES;
				COMBINE_HIDPI_IMAGES = YES;
				COPY_PHASE_STRIP = NO;
				ENABLE_STRICT_OBJC_MSGSEND = YES;
				FRAMEWORK_SEARCH_PATHS = (
					"$(DEVELOPER_FRAMEWORKS_DIR)",
					"$(inherited)",
				);
				GCC_C_LANGUAGE_STANDARD = gnu99;
				GCC_DYNAMIC_NO_PIC = NO;
				GCC_OPTIMIZATION_LEVEL = 0;
				GCC_PREPROCESSOR_DEFINITIONS = (
					"DEBUG=1",
					"$(inherited)",
				);
				GCC_SYMBOLS_PRIVATE_EXTERN = NO;
				GCC_WARN_64_TO_32_BIT_CONVERSION = YES;
				GCC_WARN_ABOUT_RETURN_TYPE = YES_ERROR;
				GCC_WARN_UNDECLARED_SELECTOR = YES;
				GCC_WARN_UNINITIALIZED_AUTOS = YES_AGGRESSIVE;
				GCC_WARN_UNUSED_FUNCTION = YES;
				GCC_WARN_UNUSED_VARIABLE = YES;
				INFOPLIST_FILE = "NSString-HYPFormula/Info.plist";
				LD_RUNPATH_SEARCH_PATHS = "$(inherited) @executable_path/../Frameworks @loader_path/../Frameworks";
				MACOSX_DEPLOYMENT_TARGET = 10.10;
				MTL_ENABLE_DEBUG_INFO = YES;
				ONLY_ACTIVE_ARCH = YES;
				PRODUCT_NAME = "NSString-HYPFormulaTests";
				SDKROOT = macosx;
			};
			name = Debug;
		};
		BD46B10519EC4EE30089B713 /* Release */ = {
			isa = XCBuildConfiguration;
			buildSettings = {
				ALWAYS_SEARCH_USER_PATHS = NO;
				CLANG_CXX_LANGUAGE_STANDARD = "gnu++0x";
				CLANG_CXX_LIBRARY = "libc++";
				CLANG_ENABLE_MODULES = YES;
				CLANG_ENABLE_OBJC_ARC = YES;
				CLANG_WARN_BOOL_CONVERSION = YES;
				CLANG_WARN_CONSTANT_CONVERSION = YES;
				CLANG_WARN_DIRECT_OBJC_ISA_USAGE = YES_ERROR;
				CLANG_WARN_EMPTY_BODY = YES;
				CLANG_WARN_ENUM_CONVERSION = YES;
				CLANG_WARN_INT_CONVERSION = YES;
				CLANG_WARN_OBJC_ROOT_CLASS = YES_ERROR;
				CLANG_WARN_UNREACHABLE_CODE = YES;
				CLANG_WARN__DUPLICATE_METHOD_MATCH = YES;
				COMBINE_HIDPI_IMAGES = YES;
				COPY_PHASE_STRIP = YES;
				DEBUG_INFORMATION_FORMAT = "dwarf-with-dsym";
				ENABLE_NS_ASSERTIONS = NO;
				ENABLE_STRICT_OBJC_MSGSEND = YES;
				FRAMEWORK_SEARCH_PATHS = (
					"$(DEVELOPER_FRAMEWORKS_DIR)",
					"$(inherited)",
				);
				GCC_C_LANGUAGE_STANDARD = gnu99;
				GCC_WARN_64_TO_32_BIT_CONVERSION = YES;
				GCC_WARN_ABOUT_RETURN_TYPE = YES_ERROR;
				GCC_WARN_UNDECLARED_SELECTOR = YES;
				GCC_WARN_UNINITIALIZED_AUTOS = YES_AGGRESSIVE;
				GCC_WARN_UNUSED_FUNCTION = YES;
				GCC_WARN_UNUSED_VARIABLE = YES;
				INFOPLIST_FILE = "NSString-HYPFormula/Info.plist";
				LD_RUNPATH_SEARCH_PATHS = "$(inherited) @executable_path/../Frameworks @loader_path/../Frameworks";
				MACOSX_DEPLOYMENT_TARGET = 10.10;
				MTL_ENABLE_DEBUG_INFO = NO;
				PRODUCT_NAME = "NSString-HYPFormulaTests";
				SDKROOT = macosx;
			};
			name = Release;
		};
/* End XCBuildConfiguration section */

/* Begin XCConfigurationList section */
		BD46B0E819EC4E700089B713 /* Build configuration list for PBXProject "NSString-HYPFormula" */ = {
			isa = XCConfigurationList;
			buildConfigurations = (
				BD46B0E919EC4E700089B713 /* Debug */,
				BD46B0EA19EC4E700089B713 /* Release */,
			);
			defaultConfigurationIsVisible = 0;
			defaultConfigurationName = Release;
		};
		BD46B10619EC4EE30089B713 /* Build configuration list for PBXNativeTarget "NSString-HYPFormulaTests" */ = {
			isa = XCConfigurationList;
			buildConfigurations = (
				BD46B10419EC4EE30089B713 /* Debug */,
				BD46B10519EC4EE30089B713 /* Release */,
			);
			defaultConfigurationIsVisible = 0;
			defaultConfigurationName = Release;
		};
/* End XCConfigurationList section */
	};
	rootObject = BD46B0E519EC4E700089B713 /* Project object */;
}
